
Microsoft Visual Studio Solution File, Format Version 12.00
# Visual Studio Version 17
VisualStudioVersion = 17.10.35013.160
MinimumVisualStudioVersion = 10.0.40219.1
Project("{9A19103F-16F7-4668-BE54-9A1E7A4F7556}") = "Empresa.App.Service.WebApi", "Empresa.App.Service.WebApi\Empresa.App.Service.WebApi.csproj", "{00DDBBE8-280A-42DA-834A-99D853730C55}"
EndProject
Project("{2150E333-8FDC-42A3-9474-1A3956D46DE8}") = "Elementos de la solución", "Elementos de la solución", "{F53E8F3F-AC81-4C8B-AD00-46DC4FFB0F48}"
	ProjectSection(SolutionItems) = preProject
		buildspec.yml = buildspec.yml
	EndProjectSection
EndProject
Global
	GlobalSection(SolutionConfigurationPlatforms) = preSolution
		Debug|Any CPU = Debug|Any CPU
		Release|Any CPU = Release|Any CPU
	EndGlobalSection
	GlobalSection(ProjectConfigurationPlatforms) = postSolution
		{00DDBBE8-280A-42DA-834A-99D853730C55}.Debug|Any CPU.ActiveCfg = Debug|Any CPU
		{00DDBBE8-280A-42DA-834A-99D853730C55}.Debug|Any CPU.Build.0 = Debug|Any CPU
		{00DDBBE8-280A-42DA-834A-99D853730C55}.Release|Any CPU.ActiveCfg = Release|Any CPU
		{00DDBBE8-280A-42DA-834A-99D853730C55}.Release|Any CPU.Build.0 = Release|Any CPU
	EndGlobalSection
	GlobalSection(SolutionProperties) = preSolution
		HideSolutionNode = FALSE
	EndGlobalSection
	GlobalSection(ExtensibilityGlobals) = postSolution
		SolutionGuid = {7C0C7292-3B30-4BC6-816C-C460CD966C81}
	EndGlobalSection
EndGlobal
